
Microsoft Visual Studio Solution File, Format Version 12.00
# Visual Studio 15
VisualStudioVersion = 15.0.28010.2026
MinimumVisualStudioVersion = 10.0.40219.1
Project("{FAE04EC0-301F-11D3-BF4B-00C04F79EFBC}") = "Data Pack Formatter", "Data Pack Formatter\Data Pack Formatter.csproj", "{72CF9B8E-645F-40F5-B495-51439E7E0DEA}"
EndProject
Global
	GlobalSection(SolutionConfigurationPlatforms) = preSolution
		Debug|Any CPU = Debug|Any CPU
		Release|Any CPU = Release|Any CPU
	EndGlobalSection
	GlobalSection(ProjectConfigurationPlatforms) = postSolution
		{72CF9B8E-645F-40F5-B495-51439E7E0DEA}.Debug|Any CPU.ActiveCfg = Debug|Any CPU
		{72CF9B8E-645F-40F5-B495-51439E7E0DEA}.Debug|Any CPU.Build.0 = Debug|Any CPU
		{72CF9B8E-645F-40F5-B495-51439E7E0DEA}.Release|Any CPU.ActiveCfg = Release|Any CPU
		{72CF9B8E-645F-40F5-B495-51439E7E0DEA}.Release|Any CPU.Build.0 = Release|Any CPU
	EndGlobalSection
	GlobalSection(SolutionProperties) = preSolution
		HideSolutionNode = FALSE
	EndGlobalSection
	GlobalSection(ExtensibilityGlobals) = postSolution
		SolutionGuid = {9B97CD6C-F4A9-4A78-906C-F18BA8333A80}
	EndGlobalSection
EndGlobal
